
Microsoft Visual Studio Solution File, Format Version 12.00
# Visual Studio 15
VisualStudioVersion = 15.0.27004.2009
MinimumVisualStudioVersion = 10.0.40219.1
Project("{FAE04EC0-301F-11D3-BF4B-00C04F79EFBC}") = "BotApplication1", "BotApplication1\BotApplication1.csproj", "{029C9483-77E7-4238-8F6E-E5DEF5D503BB}"
EndProject
Global
	GlobalSection(SolutionConfigurationPlatforms) = preSolution
		Debug|Any CPU = Debug|Any CPU
		Release|Any CPU = Release|Any CPU
	EndGlobalSection
	GlobalSection(ProjectConfigurationPlatforms) = postSolution
		{029C9483-77E7-4238-8F6E-E5DEF5D503BB}.Debug|Any CPU.ActiveCfg = Debug|Any CPU
		{029C9483-77E7-4238-8F6E-E5DEF5D503BB}.Debug|Any CPU.Build.0 = Debug|Any CPU
		{029C9483-77E7-4238-8F6E-E5DEF5D503BB}.Release|Any CPU.ActiveCfg = Release|Any CPU
		{029C9483-77E7-4238-8F6E-E5DEF5D503BB}.Release|Any CPU.Build.0 = Release|Any CPU
	EndGlobalSection
	GlobalSection(SolutionProperties) = preSolution
		HideSolutionNode = FALSE
	EndGlobalSection
	GlobalSection(ExtensibilityGlobals) = postSolution
		SolutionGuid = {70135BF3-E63F-4E01-87E7-553BB797FAC9}
	EndGlobalSection
EndGlobal
